
Microsoft Visual Studio Solution File, Format Version 12.00
# Visual Studio 15
Project("{FAE04EC0-301F-11D3-BF4B-00C04F79EFBC}") = "SteamVR", "SteamVR.csproj", "{87BCCF99-5E67-314E-0BFB-77B362018F09}"
EndProject
Project("{FAE04EC0-301F-11D3-BF4B-00C04F79EFBC}") = "Assembly-CSharp", "Assembly-CSharp.csproj", "{70BCA777-5896-9B67-4EA8-EC86915658DB}"
EndProject
Project("{FAE04EC0-301F-11D3-BF4B-00C04F79EFBC}") = "SteamVR_Actions", "SteamVR_Actions.csproj", "{22DD7330-DFFD-BDF0-44DF-89D302A9C857}"
EndProject
Project("{FAE04EC0-301F-11D3-BF4B-00C04F79EFBC}") = "SteamVR_Editor", "SteamVR_Editor.csproj", "{5D01A552-020C-7800-FD81-14E721A45D1F}"
EndProject
Project("{FAE04EC0-301F-11D3-BF4B-00C04F79EFBC}") = "SteamVR_Input_Editor", "SteamVR_Input_Editor.csproj", "{3D50C965-FD98-D5B6-3001-95E54E2F675D}"
EndProject
Project("{FAE04EC0-301F-11D3-BF4B-00C04F79EFBC}") = "SteamVR_Windows_EditorHelper", "SteamVR_Windows_EditorHelper.csproj", "{78051DEB-628F-E458-6429-7A73EF9A237A}"
EndProject
Global
	GlobalSection(SolutionConfigurationPlatforms) = preSolution
		Debug|Any CPU = Debug|Any CPU
		Release|Any CPU = Release|Any CPU
	EndGlobalSection
	GlobalSection(ProjectConfigurationPlatforms) = postSolution
		{87BCCF99-5E67-314E-0BFB-77B362018F09}.Debug|Any CPU.ActiveCfg = Debug|Any CPU
		{87BCCF99-5E67-314E-0BFB-77B362018F09}.Debug|Any CPU.Build.0 = Debug|Any CPU
		{87BCCF99-5E67-314E-0BFB-77B362018F09}.Release|Any CPU.ActiveCfg = Release|Any CPU
		{87BCCF99-5E67-314E-0BFB-77B362018F09}.Release|Any CPU.Build.0 = Release|Any CPU
		{70BCA777-5896-9B67-4EA8-EC86915658DB}.Debug|Any CPU.ActiveCfg = Debug|Any CPU
		{70BCA777-5896-9B67-4EA8-EC86915658DB}.Debug|Any CPU.Build.0 = Debug|Any CPU
		{70BCA777-5896-9B67-4EA8-EC86915658DB}.Release|Any CPU.ActiveCfg = Release|Any CPU
		{70BCA777-5896-9B67-4EA8-EC86915658DB}.Release|Any CPU.Build.0 = Release|Any CPU
		{22DD7330-DFFD-BDF0-44DF-89D302A9C857}.Debug|Any CPU.ActiveCfg = Debug|Any CPU
		{22DD7330-DFFD-BDF0-44DF-89D302A9C857}.Debug|Any CPU.Build.0 = Debug|Any CPU
		{22DD7330-DFFD-BDF0-44DF-89D302A9C857}.Release|Any CPU.ActiveCfg = Release|Any CPU
		{22DD7330-DFFD-BDF0-44DF-89D302A9C857}.Release|Any CPU.Build.0 = Release|Any CPU
		{5D01A552-020C-7800-FD81-14E721A45D1F}.Debug|Any CPU.ActiveCfg = Debug|Any CPU
		{5D01A552-020C-7800-FD81-14E721A45D1F}.Debug|Any CPU.Build.0 = Debug|Any CPU
		{5D01A552-020C-7800-FD81-14E721A45D1F}.Release|Any CPU.ActiveCfg = Release|Any CPU
		{5D01A552-020C-7800-FD81-14E721A45D1F}.Release|Any CPU.Build.0 = Release|Any CPU
		{3D50C965-FD98-D5B6-3001-95E54E2F675D}.Debug|Any CPU.ActiveCfg = Debug|Any CPU
		{3D50C965-FD98-D5B6-3001-95E54E2F675D}.Debug|Any CPU.Build.0 = Debug|Any CPU
		{3D50C965-FD98-D5B6-3001-95E54E2F675D}.Release|Any CPU.ActiveCfg = Release|Any CPU
		{3D50C965-FD98-D5B6-3001-95E54E2F675D}.Release|Any CPU.Build.0 = Release|Any CPU
		{78051DEB-628F-E458-6429-7A73EF9A237A}.Debug|Any CPU.ActiveCfg = Debug|Any CPU
		{78051DEB-628F-E458-6429-7A73EF9A237A}.Debug|Any CPU.Build.0 = Debug|Any CPU
		{78051DEB-628F-E458-6429-7A73EF9A237A}.Release|Any CPU.ActiveCfg = Release|Any CPU
		{78051DEB-628F-E458-6429-7A73EF9A237A}.Release|Any CPU.Build.0 = Release|Any CPU
	EndGlobalSection
	GlobalSection(SolutionProperties) = preSolution
		HideSolutionNode = FALSE
	EndGlobalSection
EndGlobal
